
Microsoft Visual Studio Solution File, Format Version 12.00
# Visual Studio Version 16
VisualStudioVersion = 16.0.31515.178
MinimumVisualStudioVersion = 10.0.40219.1
Project("{FAE04EC0-301F-11D3-BF4B-00C04F79EFBC}") = "AutomateLogin", "AutomateLogin\AutomateLogin.csproj", "{AB6FD34A-3A13-420F-AB82-94DE0020B6FB}"
EndProject
Global
	GlobalSection(SolutionConfigurationPlatforms) = preSolution
		Debug|Any CPU = Debug|Any CPU
		Release|Any CPU = Release|Any CPU
	EndGlobalSection
	GlobalSection(ProjectConfigurationPlatforms) = postSolution
		{AB6FD34A-3A13-420F-AB82-94DE0020B6FB}.Debug|Any CPU.ActiveCfg = Debug|Any CPU
		{AB6FD34A-3A13-420F-AB82-94DE0020B6FB}.Debug|Any CPU.Build.0 = Debug|Any CPU
		{AB6FD34A-3A13-420F-AB82-94DE0020B6FB}.Release|Any CPU.ActiveCfg = Release|Any CPU
		{AB6FD34A-3A13-420F-AB82-94DE0020B6FB}.Release|Any CPU.Build.0 = Release|Any CPU
	EndGlobalSection
	GlobalSection(SolutionProperties) = preSolution
		HideSolutionNode = FALSE
	EndGlobalSection
	GlobalSection(ExtensibilityGlobals) = postSolution
		SolutionGuid = {1D111E95-9B04-4CAB-A532-069A8ECE8E32}
	EndGlobalSection
EndGlobal
